
Microsoft Visual Studio Solution File, Format Version 12.00
# Visual Studio 15
VisualStudioVersion = 15.0.28307.106
MinimumVisualStudioVersion = 10.0.40219.1
Project("{9A19103F-16F7-4668-BE54-9A1E7A4F7556}") = "Eligo.EntityFrameworkCore", "Eligo.EntityFrameworkCore\Eligo.EntityFrameworkCore.csproj", "{ECB7DF08-AC8C-48EA-A657-2937D4CAC6AA}"
EndProject
Project("{2150E333-8FDC-42A3-9474-1A3956D46DE8}") = "Application", "Application", "{1A029F1F-9148-4105-91DE-0AE264B7D1FA}"
EndProject
Project("{2150E333-8FDC-42A3-9474-1A3956D46DE8}") = "Services", "Services", "{8582E914-3999-4E6A-92EB-17EC2CE3FA2E}"
EndProject
Project("{9A19103F-16F7-4668-BE54-9A1E7A4F7556}") = "Eligo.CDN", "Eligo.CDN\Eligo.CDN.csproj", "{E1B5DD36-FF1A-44EF-AECD-E0C32A7F0A06}"
EndProject
Project("{2150E333-8FDC-42A3-9474-1A3956D46DE8}") = "Infrastructure", "Infrastructure", "{28E45586-4966-4763-80C3-D39477035FB1}"
EndProject
Project("{2150E333-8FDC-42A3-9474-1A3956D46DE8}") = "CrossCuttings", "CrossCuttings", "{E9EAC844-A1D3-47FC-B4F9-EDEDEEB6AEE8}"
EndProject
Project("{2150E333-8FDC-42A3-9474-1A3956D46DE8}") = "Logging", "Logging", "{1C136831-1C12-4AD4-8032-9EB8AF387BAD}"
EndProject
Project("{9A19103F-16F7-4668-BE54-9A1E7A4F7556}") = "Eligo.CrossCuttings.Logging", "Eligo.CrossCuttings.Logging\Eligo.CrossCuttings.Logging.csproj", "{89474B34-1AE0-4479-B27B-5123A898632A}"
EndProject
Project("{9A19103F-16F7-4668-BE54-9A1E7A4F7556}") = "Eligo.CrossCuttings.Logging.NLog", "Eligo.CrossCuttings.Logging.NLog\Eligo.CrossCuttings.Logging.NLog.csproj", "{A783AE1A-BC33-461C-8A41-7F3BDEF1BF20}"
EndProject
Project("{2150E333-8FDC-42A3-9474-1A3956D46DE8}") = "Caching", "Caching", "{F7C64F6E-0100-4D36-8EFD-983C0F4F2F7F}"
EndProject
Project("{9A19103F-16F7-4668-BE54-9A1E7A4F7556}") = "Eligo.CrossCuttings.Caching", "Eligo.CrossCuttings.Caching\Eligo.CrossCuttings.Caching.csproj", "{2B6B7C2C-53D5-49C6-8481-1B86847AAC9E}"
EndProject
Project("{9A19103F-16F7-4668-BE54-9A1E7A4F7556}") = "Eligo.CrossCuttings.Caching.Redis", "Eligo.CrossCuttings.Caching.Redis\Eligo.CrossCuttings.Caching.Redis.csproj", "{12A65364-C145-4E3D-AD42-C5F4092B7FCA}"
EndProject
Project("{2150E333-8FDC-42A3-9474-1A3956D46DE8}") = "Messaging", "Messaging", "{6A6AE8F1-472C-4D33-9F19-297200622FA8}"
EndProject
Project("{9A19103F-16F7-4668-BE54-9A1E7A4F7556}") = "Eligo.CrossCuttings.Messaging", "Eligo.CrossCuttings.Messaging\Eligo.CrossCuttings.Messaging.csproj", "{0D5C7D5B-BB6C-4EA2-A7AB-BFA5CDD2BACB}"
EndProject
Project("{9A19103F-16F7-4668-BE54-9A1E7A4F7556}") = "Eligo.CrossCuttings.Messaging.SendGrid", "Eligo.CrossCuttings.Messaging.SendGrid\Eligo.CrossCuttings.Messaging.SendGrid.csproj", "{A0785D96-F31B-4CB2-97CD-D9824999730A}"
EndProject
Project("{9A19103F-16F7-4668-BE54-9A1E7A4F7556}") = "Eligo.CrossCuttings.Messaging.SMS", "Eligo.CrossCuttings.Messaging.SMS\Eligo.CrossCuttings.Messaging.SMS.csproj", "{88757504-9079-4FD3-B04A-1807BAA54DB8}"
EndProject
Project("{9A19103F-16F7-4668-BE54-9A1E7A4F7556}") = "Eligo.CrossCuttings.Messaging.Email", "Eligo.CrossCuttings.Messaging.Email\Eligo.CrossCuttings.Messaging.Email.csproj", "{BC65559B-4A47-47F6-9DAA-F03891AC40BE}"
EndProject
Project("{9A19103F-16F7-4668-BE54-9A1E7A4F7556}") = "Eligo.Services.ApiGateway.Public", "Eligo.Services.ApiGateway.Public\Eligo.Services.ApiGateway.Public.csproj", "{C6C547C9-F7B7-4F24-A1E9-7BC62AC5EF99}"
EndProject
Project("{9A19103F-16F7-4668-BE54-9A1E7A4F7556}") = "Eligo.Web", "Eligo.Web\Eligo.Web.csproj", "{42BE6EB2-28AC-46C8-AE4C-2447A4233290}"
EndProject
Project("{2150E333-8FDC-42A3-9474-1A3956D46DE8}") = "Identification", "Identification", "{87E1B661-4F64-4969-AE5C-A8BCD49AB528}"
EndProject
Project("{FAE04EC0-301F-11D3-BF4B-00C04F79EFBC}") = "Eligo.Services.Identification.Api", "Eligo.Services.Identification.Api\Eligo.Services.Identification.Api.csproj", "{F583D735-56A7-4962-A9FB-12B56D63FB50}"
EndProject
Global
	GlobalSection(SolutionConfigurationPlatforms) = preSolution
		Debug|Any CPU = Debug|Any CPU
		Release|Any CPU = Release|Any CPU
	EndGlobalSection
	GlobalSection(ProjectConfigurationPlatforms) = postSolution
		{ECB7DF08-AC8C-48EA-A657-2937D4CAC6AA}.Debug|Any CPU.ActiveCfg = Debug|Any CPU
		{ECB7DF08-AC8C-48EA-A657-2937D4CAC6AA}.Debug|Any CPU.Build.0 = Debug|Any CPU
		{ECB7DF08-AC8C-48EA-A657-2937D4CAC6AA}.Release|Any CPU.ActiveCfg = Release|Any CPU
		{ECB7DF08-AC8C-48EA-A657-2937D4CAC6AA}.Release|Any CPU.Build.0 = Release|Any CPU
		{E1B5DD36-FF1A-44EF-AECD-E0C32A7F0A06}.Debug|Any CPU.ActiveCfg = Debug|Any CPU
		{E1B5DD36-FF1A-44EF-AECD-E0C32A7F0A06}.Debug|Any CPU.Build.0 = Debug|Any CPU
		{E1B5DD36-FF1A-44EF-AECD-E0C32A7F0A06}.Release|Any CPU.ActiveCfg = Release|Any CPU
		{E1B5DD36-FF1A-44EF-AECD-E0C32A7F0A06}.Release|Any CPU.Build.0 = Release|Any CPU
		{89474B34-1AE0-4479-B27B-5123A898632A}.Debug|Any CPU.ActiveCfg = Debug|Any CPU
		{89474B34-1AE0-4479-B27B-5123A898632A}.Debug|Any CPU.Build.0 = Debug|Any CPU
		{89474B34-1AE0-4479-B27B-5123A898632A}.Release|Any CPU.ActiveCfg = Release|Any CPU
		{89474B34-1AE0-4479-B27B-5123A898632A}.Release|Any CPU.Build.0 = Release|Any CPU
		{A783AE1A-BC33-461C-8A41-7F3BDEF1BF20}.Debug|Any CPU.ActiveCfg = Debug|Any CPU
		{A783AE1A-BC33-461C-8A41-7F3BDEF1BF20}.Debug|Any CPU.Build.0 = Debug|Any CPU
		{A783AE1A-BC33-461C-8A41-7F3BDEF1BF20}.Release|Any CPU.ActiveCfg = Release|Any CPU
		{A783AE1A-BC33-461C-8A41-7F3BDEF1BF20}.Release|Any CPU.Build.0 = Release|Any CPU
		{2B6B7C2C-53D5-49C6-8481-1B86847AAC9E}.Debug|Any CPU.ActiveCfg = Debug|Any CPU
		{2B6B7C2C-53D5-49C6-8481-1B86847AAC9E}.Debug|Any CPU.Build.0 = Debug|Any CPU
		{2B6B7C2C-53D5-49C6-8481-1B86847AAC9E}.Release|Any CPU.ActiveCfg = Release|Any CPU
		{2B6B7C2C-53D5-49C6-8481-1B86847AAC9E}.Release|Any CPU.Build.0 = Release|Any CPU
		{12A65364-C145-4E3D-AD42-C5F4092B7FCA}.Debug|Any CPU.ActiveCfg = Debug|Any CPU
		{12A65364-C145-4E3D-AD42-C5F4092B7FCA}.Debug|Any CPU.Build.0 = Debug|Any CPU
		{12A65364-C145-4E3D-AD42-C5F4092B7FCA}.Release|Any CPU.ActiveCfg = Release|Any CPU
		{12A65364-C145-4E3D-AD42-C5F4092B7FCA}.Release|Any CPU.Build.0 = Release|Any CPU
		{0D5C7D5B-BB6C-4EA2-A7AB-BFA5CDD2BACB}.Debug|Any CPU.ActiveCfg = Debug|Any CPU
		{0D5C7D5B-BB6C-4EA2-A7AB-BFA5CDD2BACB}.Debug|Any CPU.Build.0 = Debug|Any CPU
		{0D5C7D5B-BB6C-4EA2-A7AB-BFA5CDD2BACB}.Release|Any CPU.ActiveCfg = Release|Any CPU
		{0D5C7D5B-BB6C-4EA2-A7AB-BFA5CDD2BACB}.Release|Any CPU.Build.0 = Release|Any CPU
		{A0785D96-F31B-4CB2-97CD-D9824999730A}.Debug|Any CPU.ActiveCfg = Debug|Any CPU
		{A0785D96-F31B-4CB2-97CD-D9824999730A}.Debug|Any CPU.Build.0 = Debug|Any CPU
		{A0785D96-F31B-4CB2-97CD-D9824999730A}.Release|Any CPU.ActiveCfg = Release|Any CPU
		{A0785D96-F31B-4CB2-97CD-D9824999730A}.Release|Any CPU.Build.0 = Release|Any CPU
		{88757504-9079-4FD3-B04A-1807BAA54DB8}.Debug|Any CPU.ActiveCfg = Debug|Any CPU
		{88757504-9079-4FD3-B04A-1807BAA54DB8}.Debug|Any CPU.Build.0 = Debug|Any CPU
		{88757504-9079-4FD3-B04A-1807BAA54DB8}.Release|Any CPU.ActiveCfg = Release|Any CPU
		{88757504-9079-4FD3-B04A-1807BAA54DB8}.Release|Any CPU.Build.0 = Release|Any CPU
		{BC65559B-4A47-47F6-9DAA-F03891AC40BE}.Debug|Any CPU.ActiveCfg = Debug|Any CPU
		{BC65559B-4A47-47F6-9DAA-F03891AC40BE}.Debug|Any CPU.Build.0 = Debug|Any CPU
		{BC65559B-4A47-47F6-9DAA-F03891AC40BE}.Release|Any CPU.ActiveCfg = Release|Any CPU
		{BC65559B-4A47-47F6-9DAA-F03891AC40BE}.Release|Any CPU.Build.0 = Release|Any CPU
		{C6C547C9-F7B7-4F24-A1E9-7BC62AC5EF99}.Debug|Any CPU.ActiveCfg = Debug|Any CPU
		{C6C547C9-F7B7-4F24-A1E9-7BC62AC5EF99}.Debug|Any CPU.Build.0 = Debug|Any CPU
		{C6C547C9-F7B7-4F24-A1E9-7BC62AC5EF99}.Release|Any CPU.ActiveCfg = Release|Any CPU
		{C6C547C9-F7B7-4F24-A1E9-7BC62AC5EF99}.Release|Any CPU.Build.0 = Release|Any CPU
		{42BE6EB2-28AC-46C8-AE4C-2447A4233290}.Debug|Any CPU.ActiveCfg = Debug|Any CPU
		{42BE6EB2-28AC-46C8-AE4C-2447A4233290}.Debug|Any CPU.Build.0 = Debug|Any CPU
		{42BE6EB2-28AC-46C8-AE4C-2447A4233290}.Release|Any CPU.ActiveCfg = Release|Any CPU
		{42BE6EB2-28AC-46C8-AE4C-2447A4233290}.Release|Any CPU.Build.0 = Release|Any CPU
		{F583D735-56A7-4962-A9FB-12B56D63FB50}.Debug|Any CPU.ActiveCfg = Debug|Any CPU
		{F583D735-56A7-4962-A9FB-12B56D63FB50}.Debug|Any CPU.Build.0 = Debug|Any CPU
		{F583D735-56A7-4962-A9FB-12B56D63FB50}.Release|Any CPU.ActiveCfg = Release|Any CPU
		{F583D735-56A7-4962-A9FB-12B56D63FB50}.Release|Any CPU.Build.0 = Release|Any CPU
	EndGlobalSection
	GlobalSection(SolutionProperties) = preSolution
		HideSolutionNode = FALSE
	EndGlobalSection
	GlobalSection(NestedProjects) = preSolution
		{E1B5DD36-FF1A-44EF-AECD-E0C32A7F0A06} = {1A029F1F-9148-4105-91DE-0AE264B7D1FA}
		{1C136831-1C12-4AD4-8032-9EB8AF387BAD} = {E9EAC844-A1D3-47FC-B4F9-EDEDEEB6AEE8}
		{89474B34-1AE0-4479-B27B-5123A898632A} = {1C136831-1C12-4AD4-8032-9EB8AF387BAD}
		{A783AE1A-BC33-461C-8A41-7F3BDEF1BF20} = {1C136831-1C12-4AD4-8032-9EB8AF387BAD}
		{F7C64F6E-0100-4D36-8EFD-983C0F4F2F7F} = {E9EAC844-A1D3-47FC-B4F9-EDEDEEB6AEE8}
		{2B6B7C2C-53D5-49C6-8481-1B86847AAC9E} = {F7C64F6E-0100-4D36-8EFD-983C0F4F2F7F}
		{12A65364-C145-4E3D-AD42-C5F4092B7FCA} = {F7C64F6E-0100-4D36-8EFD-983C0F4F2F7F}
		{6A6AE8F1-472C-4D33-9F19-297200622FA8} = {E9EAC844-A1D3-47FC-B4F9-EDEDEEB6AEE8}
		{0D5C7D5B-BB6C-4EA2-A7AB-BFA5CDD2BACB} = {6A6AE8F1-472C-4D33-9F19-297200622FA8}
		{A0785D96-F31B-4CB2-97CD-D9824999730A} = {6A6AE8F1-472C-4D33-9F19-297200622FA8}
		{88757504-9079-4FD3-B04A-1807BAA54DB8} = {6A6AE8F1-472C-4D33-9F19-297200622FA8}
		{BC65559B-4A47-47F6-9DAA-F03891AC40BE} = {6A6AE8F1-472C-4D33-9F19-297200622FA8}
		{C6C547C9-F7B7-4F24-A1E9-7BC62AC5EF99} = {8582E914-3999-4E6A-92EB-17EC2CE3FA2E}
		{42BE6EB2-28AC-46C8-AE4C-2447A4233290} = {1A029F1F-9148-4105-91DE-0AE264B7D1FA}
		{87E1B661-4F64-4969-AE5C-A8BCD49AB528} = {8582E914-3999-4E6A-92EB-17EC2CE3FA2E}
		{F583D735-56A7-4962-A9FB-12B56D63FB50} = {87E1B661-4F64-4969-AE5C-A8BCD49AB528}
	EndGlobalSection
	GlobalSection(ExtensibilityGlobals) = postSolution
		SolutionGuid = {CF52A912-67E6-4E34-8C96-6E3A984C8F0B}
	EndGlobalSection
EndGlobal
